
Microsoft Visual Studio Solution File, Format Version 12.00
# Visual Studio 14
VisualStudioVersion = 14.0.25420.1
MinimumVisualStudioVersion = 10.0.40219.1
Project("{FAE04EC0-301F-11D3-BF4B-00C04F79EFBC}") = "Exercise2_08", "Exercise2_08\Exercise2_08.csproj", "{774CBB6B-7AB1-4192-8C50-1EE7668991FE}"
EndProject
Project("{FAE04EC0-301F-11D3-BF4B-00C04F79EFBC}") = "Exercise2_10", "Exercise2_10\Exercise2_10.csproj", "{3C868C91-7466-4C8E-87E1-B6FC95074170}"
EndProject
Project("{FAE04EC0-301F-11D3-BF4B-00C04F79EFBC}") = "Exercise2_12", "Exercise2_12\Exercise2_12.csproj", "{FE2F6DC7-53AE-4FEF-9C88-969C20CD43EE}"
EndProject
Project("{FAE04EC0-301F-11D3-BF4B-00C04F79EFBC}") = "Exercise2_14", "Exercise2_14\Exercise2_14.csproj", "{2191903E-C2B3-415D-BB37-BF9C386FEBAA}"
EndProject
Project("{FAE04EC0-301F-11D3-BF4B-00C04F79EFBC}") = "Exercise2_16", "Exercise2_16\Exercise2_16.csproj", "{AC814C91-2284-4798-9F80-EB1AE5E152BE}"
EndProject
Project("{FAE04EC0-301F-11D3-BF4B-00C04F79EFBC}") = "Exercise2_18", "Exercise2_18\Exercise2_18.csproj", "{2301C7F7-8876-4D43-8C62-491F3BF7E37D}"
EndProject
Project("{FAE04EC0-301F-11D3-BF4B-00C04F79EFBC}") = "Exercise3_08", "Exercise3_08\Exercise3_08.csproj", "{E26A12F9-EEDD-497A-B26E-0C5D5A0C264F}"
EndProject
Project("{FAE04EC0-301F-11D3-BF4B-00C04F79EFBC}") = "Exercise3_10", "Exercise3_10\Exercise3_10.csproj", "{7E43E956-128F-4D99-B1EE-43AC331CA843}"
EndProject
Project("{FAE04EC0-301F-11D3-BF4B-00C04F79EFBC}") = "Exercise3_12", "Exercise3_12\Exercise3_12.csproj", "{5EF842E8-04FD-4DD8-BB2B-987A4BDCE0F4}"
EndProject
Project("{FAE04EC0-301F-11D3-BF4B-00C04F79EFBC}") = "Exercise3_14", "Exercise3_14\Exercise3_14.csproj", "{76D8734A-4BC3-4E81-9FBF-DABCFBD3459F}"
EndProject
Project("{FAE04EC0-301F-11D3-BF4B-00C04F79EFBC}") = "Exercise4_10", "Exercise4_10\Exercise4_10.csproj", "{D36A236F-E5C3-4BBA-A310-1E1922AB555E}"
EndProject
Project("{FAE04EC0-301F-11D3-BF4B-00C04F79EFBC}") = "Exercise4_12", "Exercise4_14\Exercise4_12.csproj", "{A974BCC1-5C15-4E52-8C21-D563D0718404}"
EndProject
Project("{FAE04EC0-301F-11D3-BF4B-00C04F79EFBC}") = "Exercise5_10", "Exercise5_10\Exercise5_10.csproj", "{749524C7-0D70-452D-8279-8721CB9FAB56}"
EndProject
Project("{FAE04EC0-301F-11D3-BF4B-00C04F79EFBC}") = "Exercise5_12", "Exercise5_12\Exercise5_12.csproj", "{9CF86F27-C314-47F1-A8CC-003EE8934DD1}"
EndProject
Project("{FAE04EC0-301F-11D3-BF4B-00C04F79EFBC}") = "Exercise6_12", "Exercise6_12\Exercise6_12.csproj", "{DD19842C-1018-47DD-B081-C2BBE790C500}"
EndProject
Project("{FAE04EC0-301F-11D3-BF4B-00C04F79EFBC}") = "Exercise7_01", "Exercise7_01\Exercise7_01.csproj", "{4AC688B1-B9E2-4E27-9D68-3C42D7C75BDC}"
EndProject
Project("{FAE04EC0-301F-11D3-BF4B-00C04F79EFBC}") = "Exercise7_02", "Exercise7_02\Exercise7_02.csproj", "{FC8AEBC0-5244-4583-8FF5-676982CD0630}"
EndProject
Project("{FAE04EC0-301F-11D3-BF4B-00C04F79EFBC}") = "Exercise7_03", "Exercise7_03\Exercise7_03.csproj", "{A7AD3184-B32E-43EA-9C9C-40BB9F1D2D21}"
EndProject
Global
	GlobalSection(SolutionConfigurationPlatforms) = preSolution
		Debug|Any CPU = Debug|Any CPU
		Release|Any CPU = Release|Any CPU
	EndGlobalSection
	GlobalSection(ProjectConfigurationPlatforms) = postSolution
		{774CBB6B-7AB1-4192-8C50-1EE7668991FE}.Debug|Any CPU.ActiveCfg = Debug|Any CPU
		{774CBB6B-7AB1-4192-8C50-1EE7668991FE}.Debug|Any CPU.Build.0 = Debug|Any CPU
		{774CBB6B-7AB1-4192-8C50-1EE7668991FE}.Release|Any CPU.ActiveCfg = Release|Any CPU
		{774CBB6B-7AB1-4192-8C50-1EE7668991FE}.Release|Any CPU.Build.0 = Release|Any CPU
		{3C868C91-7466-4C8E-87E1-B6FC95074170}.Debug|Any CPU.ActiveCfg = Debug|Any CPU
		{3C868C91-7466-4C8E-87E1-B6FC95074170}.Debug|Any CPU.Build.0 = Debug|Any CPU
		{3C868C91-7466-4C8E-87E1-B6FC95074170}.Release|Any CPU.ActiveCfg = Release|Any CPU
		{3C868C91-7466-4C8E-87E1-B6FC95074170}.Release|Any CPU.Build.0 = Release|Any CPU
		{FE2F6DC7-53AE-4FEF-9C88-969C20CD43EE}.Debug|Any CPU.ActiveCfg = Debug|Any CPU
		{FE2F6DC7-53AE-4FEF-9C88-969C20CD43EE}.Debug|Any CPU.Build.0 = Debug|Any CPU
		{FE2F6DC7-53AE-4FEF-9C88-969C20CD43EE}.Release|Any CPU.ActiveCfg = Release|Any CPU
		{FE2F6DC7-53AE-4FEF-9C88-969C20CD43EE}.Release|Any CPU.Build.0 = Release|Any CPU
		{2191903E-C2B3-415D-BB37-BF9C386FEBAA}.Debug|Any CPU.ActiveCfg = Debug|Any CPU
		{2191903E-C2B3-415D-BB37-BF9C386FEBAA}.Debug|Any CPU.Build.0 = Debug|Any CPU
		{2191903E-C2B3-415D-BB37-BF9C386FEBAA}.Release|Any CPU.ActiveCfg = Release|Any CPU
		{2191903E-C2B3-415D-BB37-BF9C386FEBAA}.Release|Any CPU.Build.0 = Release|Any CPU
		{AC814C91-2284-4798-9F80-EB1AE5E152BE}.Debug|Any CPU.ActiveCfg = Debug|Any CPU
		{AC814C91-2284-4798-9F80-EB1AE5E152BE}.Debug|Any CPU.Build.0 = Debug|Any CPU
		{AC814C91-2284-4798-9F80-EB1AE5E152BE}.Release|Any CPU.ActiveCfg = Release|Any CPU
		{AC814C91-2284-4798-9F80-EB1AE5E152BE}.Release|Any CPU.Build.0 = Release|Any CPU
		{2301C7F7-8876-4D43-8C62-491F3BF7E37D}.Debug|Any CPU.ActiveCfg = Debug|Any CPU
		{2301C7F7-8876-4D43-8C62-491F3BF7E37D}.Debug|Any CPU.Build.0 = Debug|Any CPU
		{2301C7F7-8876-4D43-8C62-491F3BF7E37D}.Release|Any CPU.ActiveCfg = Release|Any CPU
		{2301C7F7-8876-4D43-8C62-491F3BF7E37D}.Release|Any CPU.Build.0 = Release|Any CPU
		{E26A12F9-EEDD-497A-B26E-0C5D5A0C264F}.Debug|Any CPU.ActiveCfg = Debug|Any CPU
		{E26A12F9-EEDD-497A-B26E-0C5D5A0C264F}.Debug|Any CPU.Build.0 = Debug|Any CPU
		{E26A12F9-EEDD-497A-B26E-0C5D5A0C264F}.Release|Any CPU.ActiveCfg = Release|Any CPU
		{E26A12F9-EEDD-497A-B26E-0C5D5A0C264F}.Release|Any CPU.Build.0 = Release|Any CPU
		{7E43E956-128F-4D99-B1EE-43AC331CA843}.Debug|Any CPU.ActiveCfg = Debug|Any CPU
		{7E43E956-128F-4D99-B1EE-43AC331CA843}.Debug|Any CPU.Build.0 = Debug|Any CPU
		{7E43E956-128F-4D99-B1EE-43AC331CA843}.Release|Any CPU.ActiveCfg = Release|Any CPU
		{7E43E956-128F-4D99-B1EE-43AC331CA843}.Release|Any CPU.Build.0 = Release|Any CPU
		{5EF842E8-04FD-4DD8-BB2B-987A4BDCE0F4}.Debug|Any CPU.ActiveCfg = Debug|Any CPU
		{5EF842E8-04FD-4DD8-BB2B-987A4BDCE0F4}.Debug|Any CPU.Build.0 = Debug|Any CPU
		{5EF842E8-04FD-4DD8-BB2B-987A4BDCE0F4}.Release|Any CPU.ActiveCfg = Release|Any CPU
		{5EF842E8-04FD-4DD8-BB2B-987A4BDCE0F4}.Release|Any CPU.Build.0 = Release|Any CPU
		{76D8734A-4BC3-4E81-9FBF-DABCFBD3459F}.Debug|Any CPU.ActiveCfg = Debug|Any CPU
		{76D8734A-4BC3-4E81-9FBF-DABCFBD3459F}.Debug|Any CPU.Build.0 = Debug|Any CPU
		{76D8734A-4BC3-4E81-9FBF-DABCFBD3459F}.Release|Any CPU.ActiveCfg = Release|Any CPU
		{76D8734A-4BC3-4E81-9FBF-DABCFBD3459F}.Release|Any CPU.Build.0 = Release|Any CPU
		{D36A236F-E5C3-4BBA-A310-1E1922AB555E}.Debug|Any CPU.ActiveCfg = Debug|Any CPU
		{D36A236F-E5C3-4BBA-A310-1E1922AB555E}.Debug|Any CPU.Build.0 = Debug|Any CPU
		{D36A236F-E5C3-4BBA-A310-1E1922AB555E}.Release|Any CPU.ActiveCfg = Release|Any CPU
		{D36A236F-E5C3-4BBA-A310-1E1922AB555E}.Release|Any CPU.Build.0 = Release|Any CPU
		{A974BCC1-5C15-4E52-8C21-D563D0718404}.Debug|Any CPU.ActiveCfg = Debug|Any CPU
		{A974BCC1-5C15-4E52-8C21-D563D0718404}.Debug|Any CPU.Build.0 = Debug|Any CPU
		{A974BCC1-5C15-4E52-8C21-D563D0718404}.Release|Any CPU.ActiveCfg = Release|Any CPU
		{A974BCC1-5C15-4E52-8C21-D563D0718404}.Release|Any CPU.Build.0 = Release|Any CPU
		{749524C7-0D70-452D-8279-8721CB9FAB56}.Debug|Any CPU.ActiveCfg = Debug|Any CPU
		{749524C7-0D70-452D-8279-8721CB9FAB56}.Debug|Any CPU.Build.0 = Debug|Any CPU
		{749524C7-0D70-452D-8279-8721CB9FAB56}.Release|Any CPU.ActiveCfg = Release|Any CPU
		{749524C7-0D70-452D-8279-8721CB9FAB56}.Release|Any CPU.Build.0 = Release|Any CPU
		{9CF86F27-C314-47F1-A8CC-003EE8934DD1}.Debug|Any CPU.ActiveCfg = Debug|Any CPU
		{9CF86F27-C314-47F1-A8CC-003EE8934DD1}.Debug|Any CPU.Build.0 = Debug|Any CPU
		{9CF86F27-C314-47F1-A8CC-003EE8934DD1}.Release|Any CPU.ActiveCfg = Release|Any CPU
		{9CF86F27-C314-47F1-A8CC-003EE8934DD1}.Release|Any CPU.Build.0 = Release|Any CPU
		{DD19842C-1018-47DD-B081-C2BBE790C500}.Debug|Any CPU.ActiveCfg = Debug|Any CPU
		{DD19842C-1018-47DD-B081-C2BBE790C500}.Debug|Any CPU.Build.0 = Debug|Any CPU
		{DD19842C-1018-47DD-B081-C2BBE790C500}.Release|Any CPU.ActiveCfg = Release|Any CPU
		{DD19842C-1018-47DD-B081-C2BBE790C500}.Release|Any CPU.Build.0 = Release|Any CPU
		{4AC688B1-B9E2-4E27-9D68-3C42D7C75BDC}.Debug|Any CPU.ActiveCfg = Debug|Any CPU
		{4AC688B1-B9E2-4E27-9D68-3C42D7C75BDC}.Debug|Any CPU.Build.0 = Debug|Any CPU
		{4AC688B1-B9E2-4E27-9D68-3C42D7C75BDC}.Release|Any CPU.ActiveCfg = Release|Any CPU
		{4AC688B1-B9E2-4E27-9D68-3C42D7C75BDC}.Release|Any CPU.Build.0 = Release|Any CPU
		{FC8AEBC0-5244-4583-8FF5-676982CD0630}.Debug|Any CPU.ActiveCfg = Debug|Any CPU
		{FC8AEBC0-5244-4583-8FF5-676982CD0630}.Debug|Any CPU.Build.0 = Debug|Any CPU
		{FC8AEBC0-5244-4583-8FF5-676982CD0630}.Release|Any CPU.ActiveCfg = Release|Any CPU
		{FC8AEBC0-5244-4583-8FF5-676982CD0630}.Release|Any CPU.Build.0 = Release|Any CPU
		{A7AD3184-B32E-43EA-9C9C-40BB9F1D2D21}.Debug|Any CPU.ActiveCfg = Debug|Any CPU
		{A7AD3184-B32E-43EA-9C9C-40BB9F1D2D21}.Debug|Any CPU.Build.0 = Debug|Any CPU
		{A7AD3184-B32E-43EA-9C9C-40BB9F1D2D21}.Release|Any CPU.ActiveCfg = Release|Any CPU
		{A7AD3184-B32E-43EA-9C9C-40BB9F1D2D21}.Release|Any CPU.Build.0 = Release|Any CPU
	EndGlobalSection
	GlobalSection(SolutionProperties) = preSolution
		HideSolutionNode = FALSE
	EndGlobalSection
EndGlobal
