
Microsoft Visual Studio Solution File, Format Version 12.00
# Visual Studio 14
VisualStudioVersion = 14.0.25420.1
MinimumVisualStudioVersion = 10.0.40219.1
Project("{FAE04EC0-301F-11D3-BF4B-00C04F79EFBC}") = "Exercise2_08", "Exercise2_08\Exercise2_08.csproj", "{774CBB6B-7AB1-4192-8C50-1EE7668991FE}"
EndProject
Project("{FAE04EC0-301F-11D3-BF4B-00C04F79EFBC}") = "Exercise2_10", "Exercise2_10\Exercise2_10.csproj", "{3C868C91-7466-4C8E-87E1-B6FC95074170}"
EndProject
Global
	GlobalSection(SolutionConfigurationPlatforms) = preSolution
		Debug|Any CPU = Debug|Any CPU
		Release|Any CPU = Release|Any CPU
	EndGlobalSection
	GlobalSection(ProjectConfigurationPlatforms) = postSolution
		{774CBB6B-7AB1-4192-8C50-1EE7668991FE}.Debug|Any CPU.ActiveCfg = Debug|Any CPU
		{774CBB6B-7AB1-4192-8C50-1EE7668991FE}.Debug|Any CPU.Build.0 = Debug|Any CPU
		{774CBB6B-7AB1-4192-8C50-1EE7668991FE}.Release|Any CPU.ActiveCfg = Release|Any CPU
		{774CBB6B-7AB1-4192-8C50-1EE7668991FE}.Release|Any CPU.Build.0 = Release|Any CPU
		{3C868C91-7466-4C8E-87E1-B6FC95074170}.Debug|Any CPU.ActiveCfg = Debug|Any CPU
		{3C868C91-7466-4C8E-87E1-B6FC95074170}.Debug|Any CPU.Build.0 = Debug|Any CPU
		{3C868C91-7466-4C8E-87E1-B6FC95074170}.Release|Any CPU.ActiveCfg = Release|Any CPU
		{3C868C91-7466-4C8E-87E1-B6FC95074170}.Release|Any CPU.Build.0 = Release|Any CPU
	EndGlobalSection
	GlobalSection(SolutionProperties) = preSolution
		HideSolutionNode = FALSE
	EndGlobalSection
EndGlobal
